PODS:
  - ChameleonFramework/Default (2.1.0)
  - ChameleonFramework/Swift (2.1.0):
    - ChameleonFramework/Default
  - Promis (2.1.0)
  - Tiguer (0.0.22):
    - Promis
  - Unbox (4.0.0)

DEPENDENCIES:
  - ChameleonFramework/Swift (from `https://github.com/ViccAlexander/Chameleon.git`)
  - Promis
  - Tiguer (from `https://github.com/bmctigue/Tiguer.git`)
  - Unbox

SPEC REPOS:
  https://github.com/cocoapods/specs.git:
    - Promis
    - Unbox

EXTERNAL SOURCES:
  ChameleonFramework:
    :git: https://github.com/ViccAlexander/Chameleon.git
  Tiguer:
    :git: https://github.com/bmctigue/Tiguer.git

CHECKOUT OPTIONS:
  ChameleonFramework:
    :commit: 6dd284bde21ea2e7f9fd89bc36f40df16e16369d
    :git: https://github.com/ViccAlexander/Chameleon.git
  Tiguer:
    :commit: e69d23dfccd8821209a8f948d4d2d48efb62c116
    :git: https://github.com/bmctigue/Tiguer.git

SPEC CHECKSUMS:
  ChameleonFramework: d21a3cc247abfe5e37609a283a8238b03575cf64
  Promis: e46360c7b23daca97ea22b2ca59324d71c3fd306
  Tiguer: 9e70993fd0677113217a926cdaac30984a240891
  Unbox: d2677af8fde59a30141e02981b11cb6a0e3b6bc5

PODFILE CHECKSUM: ddcb9503fd2cba7c5d5499422bae1f347c849b8a

COCOAPODS: 1.6.0
